
Microsoft Visual Studio Solution File, Format Version 12.00
# Visual Studio 15
VisualStudioVersion = 15.0.28218.60
MinimumVisualStudioVersion = 10.0.40219.1
Project("{FAE04EC0-301F-11D3-BF4B-00C04F79EFBC}") = "Matisse", "Matisse\Matisse.csproj", "{7B3BB206-2BF9-4F4A-A71D-EFF75F795AD9}"
EndProject
Project("{2150E333-8FDC-42A3-9474-1A3956D46DE8}") = "root", "root", "{8DC0B716-339F-4DA0-A8CA-ADFD9BD283C6}"
	ProjectSection(SolutionItems) = preProject
		.gitattributes = .gitattributes
		.gitignore = .gitignore
		LICENSE = LICENSE
		README.md = README.md
		XAB.Matisse.nuspec = XAB.Matisse.nuspec
	EndProjectSection
EndProject
Global
	GlobalSection(SolutionConfigurationPlatforms) = preSolution
		Debug|Any CPU = Debug|Any CPU
		Release|Any CPU = Release|Any CPU
	EndGlobalSection
	GlobalSection(ProjectConfigurationPlatforms) = postSolution
		{7B3BB206-2BF9-4F4A-A71D-EFF75F795AD9}.Debug|Any CPU.ActiveCfg = Debug|Any CPU
		{7B3BB206-2BF9-4F4A-A71D-EFF75F795AD9}.Debug|Any CPU.Build.0 = Debug|Any CPU
		{7B3BB206-2BF9-4F4A-A71D-EFF75F795AD9}.Release|Any CPU.ActiveCfg = Release|Any CPU
		{7B3BB206-2BF9-4F4A-A71D-EFF75F795AD9}.Release|Any CPU.Build.0 = Release|Any CPU
	EndGlobalSection
	GlobalSection(SolutionProperties) = preSolution
		HideSolutionNode = FALSE
	EndGlobalSection
EndGlobal
